speakeasyVersion: 1.768.2
sources:
    orq-ai-node:
        sourceNamespace: orq-ai-node
        sourceRevisionDigest: sha256:bd7b19fb6e8eba7540db5c1c0ffb4b9e8739fdb8cc2688148ba03e6b6f908a50
        sourceBlobDigest: sha256:a45fbc57fa89cf0a91065e9b2e2c5d8145b879f1db895a04676ab3e03408aeb5
        tags:
            - latest
            - "2.0"
    orq-ai-prerelease-node:
        sourceNamespace: orq-ai-prerelease-node
        sourceRevisionDigest: sha256:b7b9c469cc0d1927e12b4fd32aa32d899b15bdca3b7faeb8da1081c80a719747
        sourceBlobDigest: sha256:97fb94dbd4f7492762f67fb609e4e8fcfe7e3a7384bca5be42aabd92f4776640
        tags:
            - latest
            - "2.0"
targets:
    orq-ai-node:
        source: orq-ai-node
        sourceNamespace: orq-ai-node
        sourceRevisionDigest: sha256:bd7b19fb6e8eba7540db5c1c0ffb4b9e8739fdb8cc2688148ba03e6b6f908a50
        sourceBlobDigest: sha256:a45fbc57fa89cf0a91065e9b2e2c5d8145b879f1db895a04676ab3e03408aeb5
        codeSamplesNamespace: orq-ai-node-typescript-code-samples
        codeSamplesRevisionDigest: sha256:62c04c913cd40172e1cb6e96e67a4cd06ba41af5d8509840c29574ff45c603ad
    orq-ai-prerelease-node:
        source: orq-ai-prerelease-node
        sourceNamespace: orq-ai-prerelease-node
        sourceRevisionDigest: sha256:b7b9c469cc0d1927e12b4fd32aa32d899b15bdca3b7faeb8da1081c80a719747
        sourceBlobDigest: sha256:97fb94dbd4f7492762f67fb609e4e8fcfe7e3a7384bca5be42aabd92f4776640
        codeSamplesNamespace: orq-ai-prerelease-node-typescript-code-samples
        codeSamplesRevisionDigest: sha256:f212b55c52018d9c417350267b50c005d97a4f78f2cc94d2c4b168b9fd67eefa
workflow:
    workflowVersion: 1.0.0
    speakeasyVersion: latest
    sources:
        orq-ai-node:
            inputs:
                - location: ./openapi.yaml
            registry:
                location: registry.speakeasyapi.dev/orq/orq/orq-ai-node
        orq-ai-prerelease-node:
            inputs:
                - location: ./openapi-prerelease.yaml
            registry:
                location: registry.speakeasyapi.dev/orq/orq/orq-ai-prerelease-node
    targets:
        orq-ai-node:
            target: typescript
            source: orq-ai-node
            publish:
                npm:
                    token: $npm_token
            codeSamples:
                registry:
                    location: registry.speakeasyapi.dev/orq/orq/orq-ai-node-typescript-code-samples
                blocking: false
        orq-ai-prerelease-node:
            target: typescript
            source: orq-ai-prerelease-node
            output: ./packages/orq-rc
            publish:
                npm:
                    token: $npm_token
            codeSamples:
                registry:
                    location: registry.speakeasyapi.dev/orq/orq/orq-ai-prerelease-node-typescript-code-samples
                blocking: false
