speakeasyVersion: 1.761.9
sources:
    orq-ai-node:
        sourceNamespace: orq-ai-node
        sourceRevisionDigest: sha256:186e0c2086c9e49e101c5371e9b9a65db20dcb1bd5d6efe2e83bc548fd9cf665
        sourceBlobDigest: sha256:664c92cf3b6da906dfce915acdefe97533fdf76d4cbb13f70511c2769f94f951
        tags:
            - latest
            - "2.0"
    orq-ai-prerelease-node:
        sourceNamespace: orq-ai-prerelease-node
        sourceRevisionDigest: sha256:0625f904b1a5ed326eb6f3f707fa7e1ec7ced047e05fb3e87388fbdf02ea9270
        sourceBlobDigest: sha256:488ceb1fa2cdf1f157c7d5269c296ff1d01fb657f35a7626f2fea19ed32517f8
        tags:
            - latest
            - "2.0"
targets:
    orq-ai-node:
        source: orq-ai-node
        sourceNamespace: orq-ai-node
        sourceRevisionDigest: sha256:186e0c2086c9e49e101c5371e9b9a65db20dcb1bd5d6efe2e83bc548fd9cf665
        sourceBlobDigest: sha256:664c92cf3b6da906dfce915acdefe97533fdf76d4cbb13f70511c2769f94f951
        codeSamplesNamespace: orq-ai-node-typescript-code-samples
        codeSamplesRevisionDigest: sha256:3d7e2ee120c1937f94bd9017d283cc2447c9e134e0c2fbf797606b59c1c69b75
    orq-ai-prerelease-node:
        source: orq-ai-prerelease-node
        sourceNamespace: orq-ai-prerelease-node
        sourceRevisionDigest: sha256:0625f904b1a5ed326eb6f3f707fa7e1ec7ced047e05fb3e87388fbdf02ea9270
        sourceBlobDigest: sha256:488ceb1fa2cdf1f157c7d5269c296ff1d01fb657f35a7626f2fea19ed32517f8
        codeSamplesNamespace: orq-ai-prerelease-node-typescript-code-samples
        codeSamplesRevisionDigest: sha256:11175bd3191e2df3fe93806c38339a3d7dc3d318b7c25164c041df0e04b17388
workflow:
    workflowVersion: 1.0.0
    speakeasyVersion: latest
    sources:
        orq-ai-node:
            inputs:
                - location: ./openapi.yaml
            registry:
                location: registry.speakeasyapi.dev/orq/orq/orq-ai-node
        orq-ai-prerelease-node:
            inputs:
                - location: ./openapi-prerelease.yaml
            registry:
                location: registry.speakeasyapi.dev/orq/orq/orq-ai-prerelease-node
    targets:
        orq-ai-node:
            target: typescript
            source: orq-ai-node
            publish:
                npm:
                    token: $npm_token
            codeSamples:
                registry:
                    location: registry.speakeasyapi.dev/orq/orq/orq-ai-node-typescript-code-samples
                blocking: false
        orq-ai-prerelease-node:
            target: typescript
            source: orq-ai-prerelease-node
            output: ./packages/orq-rc
            publish:
                npm:
                    token: $npm_token
            codeSamples:
                registry:
                    location: registry.speakeasyapi.dev/orq/orq/orq-ai-prerelease-node-typescript-code-samples
                blocking: false
