speakeasyVersion: 1.762.0
sources:
    orq-ai-node:
        sourceNamespace: orq-ai-node
        sourceRevisionDigest: sha256:79c28228a8fc56611beaaf9f9277f4f50bf24c391918ef627b21f75c834fef43
        sourceBlobDigest: sha256:64d2fa236248f12a18e89be7cf8a8ea15ba712513c94d5e998d31dac405d50c5
        tags:
            - latest
            - "2.0"
    orq-ai-prerelease-node:
        sourceNamespace: orq-ai-prerelease-node
        sourceRevisionDigest: sha256:c9b7c589df71a87ce1cfa5056cb7239cd169714f98c8ab31c604b5a495c556fc
        sourceBlobDigest: sha256:960b8853134c126d88772d1a21eb614e73c4314b7ba63fefe1f2d6a1e00cfe13
        tags:
            - latest
            - "2.0"
targets:
    orq-ai-node:
        source: orq-ai-node
        sourceNamespace: orq-ai-node
        sourceRevisionDigest: sha256:79c28228a8fc56611beaaf9f9277f4f50bf24c391918ef627b21f75c834fef43
        sourceBlobDigest: sha256:64d2fa236248f12a18e89be7cf8a8ea15ba712513c94d5e998d31dac405d50c5
        codeSamplesNamespace: orq-ai-node-typescript-code-samples
        codeSamplesRevisionDigest: sha256:038c0282b2fef81ec4957f289e8e46898bc0be41d05063acc913cb67ea0d0f5e
    orq-ai-prerelease-node:
        source: orq-ai-prerelease-node
        sourceNamespace: orq-ai-prerelease-node
        sourceRevisionDigest: sha256:c9b7c589df71a87ce1cfa5056cb7239cd169714f98c8ab31c604b5a495c556fc
        sourceBlobDigest: sha256:960b8853134c126d88772d1a21eb614e73c4314b7ba63fefe1f2d6a1e00cfe13
        codeSamplesNamespace: orq-ai-prerelease-node-typescript-code-samples
        codeSamplesRevisionDigest: sha256:605043265971ca746bfeac6a7bfa387d8486c03c5e86bc2869cd9ebe8da2c8ae
workflow:
    workflowVersion: 1.0.0
    speakeasyVersion: latest
    sources:
        orq-ai-node:
            inputs:
                - location: ./openapi.yaml
            registry:
                location: registry.speakeasyapi.dev/orq/orq/orq-ai-node
        orq-ai-prerelease-node:
            inputs:
                - location: ./openapi-prerelease.yaml
            registry:
                location: registry.speakeasyapi.dev/orq/orq/orq-ai-prerelease-node
    targets:
        orq-ai-node:
            target: typescript
            source: orq-ai-node
            publish:
                npm:
                    token: $npm_token
            codeSamples:
                registry:
                    location: registry.speakeasyapi.dev/orq/orq/orq-ai-node-typescript-code-samples
                blocking: false
        orq-ai-prerelease-node:
            target: typescript
            source: orq-ai-prerelease-node
            output: ./packages/orq-rc
            publish:
                npm:
                    token: $npm_token
            codeSamples:
                registry:
                    location: registry.speakeasyapi.dev/orq/orq/orq-ai-prerelease-node-typescript-code-samples
                blocking: false
