lockVersion: 2.0.0
id: e953f19a-4543-490e-bba2-d73a1538b74b
management:
  docChecksum: d555a2f9a9477fb425091c7c397f5b18
  docVersion: "2.0"
  speakeasyVersion: 1.456.0
  generationVersion: 2.481.0
  releaseVersion: 1.32.0-rc.5
  configChecksum: 8f5941cd07c0c0f1d676f42c7aeaa987
  repoURL: https://github.com/orq-ai/orq-node.git
  repoSubDirectory: packages/orq-rc
  installationURL: https://gitpkg.now.sh/orq-ai/orq-node/packages/orq-rc
  published: true
features:
  typescript:
    acceptHeaders: 2.81.2
    additionalDependencies: 0.1.0
    constsAndDefaults: 0.1.11
    core: 3.18.11
    defaultEnabledRetries: 0.1.0
    enumUnions: 0.1.0
    envVarSecurityUsage: 0.1.2
    globalSecurity: 2.82.11
    globalSecurityCallbacks: 0.1.0
    globalSecurityFlattening: 0.1.0
    globalServerURLs: 2.82.4
    groups: 2.81.2
    inputOutputModels: 2.82.0
    methodArguments: 0.1.2
    nameOverrides: 2.81.2
    nullables: 0.1.0
    operationTimeout: 0.2.0
    responseFormat: 0.2.3
    retries: 2.83.0
    sdkHooks: 0.2.0
    serverEvents: 0.1.5
    serverEventsSentinels: 0.1.0
    unions: 2.85.8
    uploadStreams: 0.1.0
generatedFiles:
  - .eslintrc.cjs
  - .gitattributes
  - .npmignore
  - CONTRIBUTING.md
  - FUNCTIONS.md
  - RUNTIMES.md
  - USAGE.md
  - docs/lib/utils/retryconfig.md
  - docs/models/components/content.md
  - docs/models/components/content2.md
  - docs/models/components/deployments.md
  - docs/models/components/deployments22.md
  - docs/models/components/deployments2messagescontenttype.md
  - docs/models/components/deployments2messagestype.md
  - docs/models/components/deployments2type.md
  - docs/models/components/deploymentscontent.md
  - docs/models/components/deploymentsfunction.md
  - docs/models/components/deploymentsrole.md
  - docs/models/components/deploymentstoolcalls.md
  - docs/models/components/deploymentstype.md
  - docs/models/components/functiont.md
  - docs/models/components/imageurl.md
  - docs/models/components/inputs.md
  - docs/models/components/invokeoptions.md
  - docs/models/components/messages.md
  - docs/models/components/one.md
  - docs/models/components/prefixmessages.md
  - docs/models/components/role.md
  - docs/models/components/security.md
  - docs/models/components/toolcalls.md
  - docs/models/components/two.md
  - docs/models/components/two1.md
  - docs/models/components/two2.md
  - docs/models/components/twoimageurl.md
  - docs/models/components/twotype.md
  - docs/models/components/type.md
  - docs/models/components/userid.md
  - docs/models/errors/honoapierror.md
  - docs/models/operations/bulkfileuploadfilespurpose.md
  - docs/models/operations/bulkfileuploadpurpose.md
  - docs/models/operations/bulkfileuploadrequestbody.md
  - docs/models/operations/choices.md
  - docs/models/operations/content.md
  - docs/models/operations/content2.md
  - docs/models/operations/createcontactrequestbody.md
  - docs/models/operations/createcontactresponsebody.md
  - docs/models/operations/createfeedbackrequestbody.md
  - docs/models/operations/createfeedbackresponsebody.md
  - docs/models/operations/createfeedbackvalue.md
  - docs/models/operations/data.md
  - docs/models/operations/deploymentcreatemetric21.md
  - docs/models/operations/deploymentcreatemetric22.md
  - docs/models/operations/deploymentcreatemetric2deploymentsmetricstype.md
  - docs/models/operations/deploymentcreatemetric2imageurl.md
  - docs/models/operations/deploymentcreatemetric2type.md
  - docs/models/operations/deploymentcreatemetriccontent.md
  - docs/models/operations/deploymentcreatemetriccontent2.md
  - docs/models/operations/deploymentcreatemetricfunction.md
  - docs/models/operations/deploymentcreatemetricmessagedeploymentsmetricsrole.md
  - docs/models/operations/deploymentcreatemetricmessagerole.md
  - docs/models/operations/deploymentcreatemetricmessages.md
  - docs/models/operations/deploymentcreatemetricrequest.md
  - docs/models/operations/deploymentcreatemetricrequestbody.md
  - docs/models/operations/deploymentcreatemetricresponsebody.md
  - docs/models/operations/deploymentcreatemetricrole.md
  - docs/models/operations/deploymentcreatemetrictoolcalls.md
  - docs/models/operations/deploymentcreatemetrictype.md
  - docs/models/operations/deploymentgetconfig21.md
  - docs/models/operations/deploymentgetconfig22.md
  - docs/models/operations/deploymentgetconfig2deployments2.md
  - docs/models/operations/deploymentgetconfig2deploymentsresponse200type.md
  - docs/models/operations/deploymentgetconfig2deploymentsresponsetype.md
  - docs/models/operations/deploymentgetconfig2deploymentstype.md
  - docs/models/operations/deploymentgetconfig2imageurl.md
  - docs/models/operations/deploymentgetconfig2type.md
  - docs/models/operations/deploymentgetconfigcontent.md
  - docs/models/operations/deploymentgetconfigcontent2.md
  - docs/models/operations/deploymentgetconfigdeploymentscontent.md
  - docs/models/operations/deploymentgetconfigdeploymentsfunction.md
  - docs/models/operations/deploymentgetconfigdeploymentsresponse200applicationjsontype.md
  - docs/models/operations/deploymentgetconfigdeploymentsresponse200type.md
  - docs/models/operations/deploymentgetconfigdeploymentsresponsefunction.md
  - docs/models/operations/deploymentgetconfigdeploymentsresponsetype.md
  - docs/models/operations/deploymentgetconfigdeploymentsrole.md
  - docs/models/operations/deploymentgetconfigdeploymentstoolcalls.md
  - docs/models/operations/deploymentgetconfigdeploymentstype.md
  - docs/models/operations/deploymentgetconfigfunction.md
  - docs/models/operations/deploymentgetconfigmessages.md
  - docs/models/operations/deploymentgetconfigrequestbody.md
  - docs/models/operations/deploymentgetconfigresponsebody.md
  - docs/models/operations/deploymentgetconfigresponseformattype.md
  - docs/models/operations/deploymentgetconfigrole.md
  - docs/models/operations/deploymentgetconfigtoolcalls.md
  - docs/models/operations/deploymentgetconfigtype.md
  - docs/models/operations/deploymentinvokechoices.md
  - docs/models/operations/deploymentinvokedata.md
  - docs/models/operations/deploymentinvokedeploymentschoices.md
  - docs/models/operations/deploymentinvokedeploymentsmessage.md
  - docs/models/operations/deploymentinvokedeploymentsobject.md
  - docs/models/operations/deploymentinvokedeploymentsresponsebody.md
  - docs/models/operations/deploymentinvokemessage.md
  - docs/models/operations/deploymentinvokemessage1.md
  - docs/models/operations/deploymentinvokemessage2.md
  - docs/models/operations/deploymentinvokemessage3.md
  - docs/models/operations/deploymentinvokemessagedeployments1.md
  - docs/models/operations/deploymentinvokemessagedeployments2.md
  - docs/models/operations/deploymentinvokemessagedeploymentsfunction.md
  - docs/models/operations/deploymentinvokemessagedeploymentsresponse200role.md
  - docs/models/operations/deploymentinvokemessagedeploymentsresponse200texteventstreamresponsebodyrole.md
  - docs/models/operations/deploymentinvokemessagedeploymentsresponse200texteventstreamrole.md
  - docs/models/operations/deploymentinvokemessagedeploymentsresponserole.md
  - docs/models/operations/deploymentinvokemessagedeploymentsrole.md
  - docs/models/operations/deploymentinvokemessagedeploymentstoolcalls.md
  - docs/models/operations/deploymentinvokemessagedeploymentstype.md
  - docs/models/operations/deploymentinvokemessagefunction.md
  - docs/models/operations/deploymentinvokemessagerole.md
  - docs/models/operations/deploymentinvokemessagetoolcalls.md
  - docs/models/operations/deploymentinvokemessagetype.md
  - docs/models/operations/deploymentinvokemetadata.md
  - docs/models/operations/deploymentinvokeobject.md
  - docs/models/operations/deploymentinvokeprovider.md
  - docs/models/operations/deploymentinvokeresponse.md
  - docs/models/operations/deploymentinvokeresponsebody.md
  - docs/models/operations/deploymentinvokeretrievals.md
  - docs/models/operations/deployments21.md
  - docs/models/operations/deployments22.md
  - docs/models/operations/deployments2deploymentstype.md
  - docs/models/operations/deployments2imageurl.md
  - docs/models/operations/deployments2type.md
  - docs/models/operations/deploymentscontent.md
  - docs/models/operations/deploymentscontent2.md
  - docs/models/operations/deploymentsdeploymentsfunction.md
  - docs/models/operations/deploymentsdeploymentsresponsetype.md
  - docs/models/operations/deploymentsdeploymentstype.md
  - docs/models/operations/deploymentsencodingformat.md
  - docs/models/operations/deploymentsformat.md
  - docs/models/operations/deploymentsfunction.md
  - docs/models/operations/deploymentsmessages.md
  - docs/models/operations/deploymentsparameters.md
  - docs/models/operations/deploymentsphotorealversion.md
  - docs/models/operations/deploymentsprovider.md
  - docs/models/operations/deploymentsquality.md
  - docs/models/operations/deploymentsrequest.md
  - docs/models/operations/deploymentsresponsebody.md
  - docs/models/operations/deploymentsresponseformat.md
  - docs/models/operations/deploymentsresponseformat1.md
  - docs/models/operations/deploymentsresponseformat2.md
  - docs/models/operations/deploymentsresponseformatdeploymentstype.md
  - docs/models/operations/deploymentsresponseformattype.md
  - docs/models/operations/deploymentsrole.md
  - docs/models/operations/deploymentstoolcalls.md
  - docs/models/operations/deploymentstools.md
  - docs/models/operations/deploymentstype.md
  - docs/models/operations/encodingformat.md
  - docs/models/operations/feedback.md
  - docs/models/operations/files.md
  - docs/models/operations/filet.md
  - docs/models/operations/fileuploadpurpose.md
  - docs/models/operations/fileuploadrequestbody.md
  - docs/models/operations/fileuploadresponsebody.md
  - docs/models/operations/format.md
  - docs/models/operations/functiont.md
  - docs/models/operations/imageurl.md
  - docs/models/operations/inputs.md
  - docs/models/operations/invaliddeploymentrequest.md
  - docs/models/operations/invokeoptions.md
  - docs/models/operations/jsonschema.md
  - docs/models/operations/message.md
  - docs/models/operations/message1.md
  - docs/models/operations/message2.md
  - docs/models/operations/message3.md
  - docs/models/operations/messagefunction.md
  - docs/models/operations/messagerole.md
  - docs/models/operations/messages.md
  - docs/models/operations/messagetoolcalls.md
  - docs/models/operations/messagetype.md
  - docs/models/operations/metadata.md
  - docs/models/operations/modelparameters.md
  - docs/models/operations/modeltype.md
  - docs/models/operations/objectt.md
  - docs/models/operations/one.md
  - docs/models/operations/parameterst.md
  - docs/models/operations/performance.md
  - docs/models/operations/photorealversion.md
  - docs/models/operations/prefixmessages.md
  - docs/models/operations/promptconfig.md
  - docs/models/operations/provider.md
  - docs/models/operations/purpose.md
  - docs/models/operations/quality.md
  - docs/models/operations/remoteconfigsgetconfigrequestbody.md
  - docs/models/operations/remoteconfigsgetconfigresponsebody.md
  - docs/models/operations/remoteconfigsgetconfigtype.md
  - docs/models/operations/responsebody.md
  - docs/models/operations/responseformat.md
  - docs/models/operations/responseformat1.md
  - docs/models/operations/responseformat2.md
  - docs/models/operations/responseformatjsonschema.md
  - docs/models/operations/responseformattype.md
  - docs/models/operations/retrievals.md
  - docs/models/operations/role.md
  - docs/models/operations/three.md
  - docs/models/operations/toolcalls.md
  - docs/models/operations/tools.md
  - docs/models/operations/two.md
  - docs/models/operations/two1.md
  - docs/models/operations/two2.md
  - docs/models/operations/twoimageurl.md
  - docs/models/operations/twotype.md
  - docs/models/operations/type.md
  - docs/models/operations/usage.md
  - docs/models/operations/userid.md
  - docs/models/operations/value.md
  - docs/sdks/contacts/README.md
  - docs/sdks/deployments/README.md
  - docs/sdks/feedback/README.md
  - docs/sdks/files/README.md
  - docs/sdks/metrics/README.md
  - docs/sdks/orq/README.md
  - docs/sdks/remoteconfig/README.md
  - jsr.json
  - package.json
  - src/core.ts
  - src/funcs/contactsCreate.ts
  - src/funcs/deploymentsAll.ts
  - src/funcs/deploymentsGetConfig.ts
  - src/funcs/deploymentsInvalidate.ts
  - src/funcs/deploymentsInvoke.ts
  - src/funcs/deploymentsMetricsCreate.ts
  - src/funcs/feedbackCreate.ts
  - src/funcs/filesBulkUpload.ts
  - src/funcs/filesUpload.ts
  - src/funcs/remoteconfigGetConfig.ts
  - src/hooks/hooks.ts
  - src/hooks/index.ts
  - src/hooks/types.ts
  - src/index.ts
  - src/lib/base64.ts
  - src/lib/config.ts
  - src/lib/dlv.ts
  - src/lib/encodings.ts
  - src/lib/env.ts
  - src/lib/event-streams.ts
  - src/lib/files.ts
  - src/lib/http.ts
  - src/lib/is-plain-object.ts
  - src/lib/logger.ts
  - src/lib/matchers.ts
  - src/lib/primitives.ts
  - src/lib/retries.ts
  - src/lib/schemas.ts
  - src/lib/sdks.ts
  - src/lib/security.ts
  - src/lib/url.ts
  - src/models/components/deployments.ts
  - src/models/components/index.ts
  - src/models/components/security.ts
  - src/models/errors/apierror.ts
  - src/models/errors/honoapierror.ts
  - src/models/errors/httpclienterrors.ts
  - src/models/errors/index.ts
  - src/models/errors/sdkvalidationerror.ts
  - src/models/operations/bulkfileupload.ts
  - src/models/operations/createcontact.ts
  - src/models/operations/createfeedback.ts
  - src/models/operations/deploymentcreatemetric.ts
  - src/models/operations/deploymentgetconfig.ts
  - src/models/operations/deploymentinvoke.ts
  - src/models/operations/deployments.ts
  - src/models/operations/fileupload.ts
  - src/models/operations/index.ts
  - src/models/operations/invaliddeployment.ts
  - src/models/operations/remoteconfigsgetconfig.ts
  - src/sdk/contacts.ts
  - src/sdk/deployments.ts
  - src/sdk/feedback.ts
  - src/sdk/files.ts
  - src/sdk/index.ts
  - src/sdk/metrics.ts
  - src/sdk/remoteconfig.ts
  - src/sdk/sdk.ts
  - src/types/blobs.ts
  - src/types/constdatetime.ts
  - src/types/enums.ts
  - src/types/fp.ts
  - src/types/index.ts
  - src/types/operations.ts
  - src/types/rfcdate.ts
  - src/types/streams.ts
  - tsconfig.json
examples:
  CreateContact:
    speakeasy-default-create-contact:
      requestBody:
        application/json: {"external_id": "<id>"}
      responses:
        "200":
          application/json: {"id": "<id>", "external_id": "<id>"}
  CreateFeedback:
    "":
      requestBody:
        application/json: {"property": "rating", "value": ["good"], "trace_id": "67HTZ65Z9W91HSF51CW68KK1QH"}
      responses:
        "200":
          application/json: {"property": "<value>", "value": "<value>", "trace_id": "<id>", "id": "<id>"}
  Deployments:
    speakeasy-default-deployments:
      responses:
        "200":
          application/json: {"object": "list", "data": [], "has_more": false}
        "500":
          application/json: {"message": "<value>"}
  InvalidDeployment:
    speakeasy-default-invalid-deployment:
      parameters:
        path:
          deployment_id: "e1106c66-dcfb-4003-a0e1-3c49405187d4"
  DeploymentGetConfig:
    speakeasy-default-deployment-get-config:
      requestBody:
        application/json: {"key": "<key>"}
      responses:
        "200":
          application/json: {"id": "<id>", "provider": "<value>", "model": "ATS", "version": "<value>", "messages": []}
  DeploymentInvoke:
    speakeasy-default-deployment-invoke:
      requestBody:
        application/json: {"key": "<key>"}
      responses:
        "200":
          application/json: {"id": "<id>", "created": "2023-02-27T07:01:10.482Z", "object": "completion", "model": "El Camino", "provider": "cohere", "is_final": false, "choices": [{"index": "1729.12"}, {"index": "3047.15"}]}
  DeploymentCreateMetric:
    speakeasy-default-deployment-create-metric:
      parameters:
        path:
          id: "<id>"
      responses:
        "200":
          application/json: {"code": "4865.89", "success": false}
  FileUpload:
    speakeasy-default-file-upload:
      responses:
        "200":
          application/json: {"_id": "<id>", "object_name": "<value>", "purpose": "retrieval", "bytes": "4036.54", "file_name": "example.file"}
  BulkFileUpload:
    speakeasy-default-bulk-file-upload:
      requestBody:
        multipart/form-data: {"files": [{}], "purpose": "retrieval"}
      responses:
        "200":
          application/json: [{"_id": "<id>", "object_name": "<value>", "purpose": "retrieval", "bytes": "4883.89", "file_name": "example.file"}, {"_id": "<id>", "object_name": "<value>", "purpose": "retrieval", "bytes": "9335.52", "file_name": "example.file"}, {"_id": "<id>", "object_name": "<value>", "purpose": "retrieval", "bytes": "561.36", "file_name": "example.file"}]
  GetAllPromptTemplates:
    speakeasy-default-get-all-prompt-templates:
      responses:
        "200":
          application/json: {"count": "4610.08", "items": []}
  FindOnePromptSnippet:
    speakeasy-default-find-one-prompt-snippet:
      parameters:
        path:
          key: "<key>"
      responses:
        "200":
          application/json: {"_id": "<id>", "owner": "<value>", "domain_id": "c65b0e01-cb71-4bcd-a060-93e7d5b8c93b", "created_by_id": "7b3823c9-eca7-4b78-a2fc-964f7b3c1870", "display_name": "Estefania6", "updated_by_id": "defaa7aa-3da5-41f8-af17-3dfced0ec663", "prompt_config": {"messages": [{"role": "correction", "content": "<value>"}]}, "versions": [{"_id": "<id>", "created_by_id": "f7014378-d751-45c5-b131-8b1a39e685a4", "display_name": "Alejandra_Lind", "updated_by_id": "490937c7-9db3-47d3-b124-67063626b8af", "prompt_config": {"messages": [{"role": "expected_output", "content": [{"type": "image_url", "image_url": {"url": "https://filthy-siege.biz/"}}, {"type": "image_url", "image_url": {"url": "https://chilly-shadowbox.name"}}, {"type": "text", "text": "<value>"}]}, {"role": "assistant", "content": "<value>"}, {"role": "exception", "content": "<value>"}]}, "commit": "<value>", "timestamp": "<value>"}, {"_id": "<id>", "created_by_id": "4ee58ee2-19fe-4f51-a1a8-15cc8ea9e661", "display_name": "Lilyan.Pfannerstill66", "updated_by_id": "c3552bea-e34a-482d-9f52-2e81306d8147", "prompt_config": {"messages": [{"role": "system", "content": [{"type": "image_url", "image_url": {"url": "https://strange-doing.net"}}]}, {"role": "user", "content": [{"type": "text", "text": "<value>"}]}, {"role": "expected_output", "content": []}]}, "commit": "<value>", "timestamp": "<value>"}, {"_id": "<id>", "created_by_id": "24a51bb0-6b66-4b48-9ad5-6c47af968ae4", "display_name": "Imelda.Wintheiser61", "updated_by_id": "733ae14d-fdb3-4131-bd5b-8472235c4b22", "prompt_config": {"messages": []}, "commit": "<value>", "timestamp": "<value>"}], "type": "prompt"}
  CreatePrompt:
    speakeasy-default-create-prompt:
      responses:
        "200":
          application/json: {"_id": "ulid-string", "display_name": "string", "domain_id": "uuid-string", "description": "Sample description for the prompt", "type": "prompt"}
  CreatePromptVersion:
    speakeasy-default-create-prompt-version:
      parameters:
        path:
          id: "<id>"
      responses:
        "200":
          application/json: {"_id": "<id>", "display_name": "Carolyne.Beahan71", "prompt_config": {"messages": [{"role": "prompt", "content": "<value>"}, {"role": "prompt", "content": [{"type": "image_url", "image_url": {"url": "https://superior-nudge.biz"}}]}]}, "commit": "<value>", "timestamp": "<value>"}
  DeletePrompt:
    speakeasy-default-delete-prompt:
      parameters:
        path:
          id: "<id>"
  GetOnePrompt:
    speakeasy-default-get-one-prompt:
      parameters:
        path:
          id: "<id>"
  UpdatePrompt:
    speakeasy-default-update-prompt:
      parameters:
        path:
          id: "<id>"
      responses:
        "200":
          application/json: {"_id": "<id>", "owner": "vendor", "domain_id": "5fa7f0e7-432c-4e47-acb6-0cc78135ddeb", "created_by_id": "5898c125-a190-471c-a556-2af6646dadb3", "display_name": "Dedric.Donnelly68", "updated_by_id": "450617e6-bb05-479d-86f9-464a3158c876", "prompt_config": {"messages": [{"role": "user", "content": "<value>"}, {"role": "expected_output", "content": "<value>"}, {"role": "exception", "content": [{"type": "text", "text": "<value>"}, {"type": "text", "text": "<value>"}]}]}, "versions": [], "type": "template"}
        "404":
          application/json: {"message": "<value>"}
  DuplicatePrompt:
    speakeasy-default-duplicate-prompt:
      parameters:
        path:
          id: "<id>"
  GetAllPrompts:
    speakeasy-default-get-all-prompts:
      responses:
        "200":
          application/json: {"count": "4610.08", "page": "592.16", "limit": "5984.80", "totalPages": "6512.03", "items": []}
  RemoteConfigsGetConfig:
    speakeasy-default-remote-configs-get-config:
      responses:
        "200":
          application/json: {"type": "boolean"}
generatedTests: {}
